// !$*UTF8*$!
{
	archiveVersion = 1;
	classes = {
	};
	objectVersion = 48;
	objects = {

/* Begin PBXBuildFile section */
		6288F7311F80C75F00C1E345 /* AppDelegate.swift in Sources */ = {isa = PBXBuildFile; fileRef = 6288F7301F80C75F00C1E345 /* AppDelegate.swift */; };
		6288F7331F80C75F00C1E345 /* ViewController.swift in Sources */ = {isa = PBXBuildFile; fileRef = 6288F7321F80C75F00C1E345 /* ViewController.swift */; };
		6288F7361F80C75F00C1E345 /* Main.storyboard in Resources */ = {isa = PBXBuildFile; fileRef = 6288F7341F80C75F00C1E345 /* Main.storyboard */; };
		6288F7391F80C75F00C1E345 /* recogniseobject.xcdatamodeld in Sources */ = {isa = PBXBuildFile; fileRef = 6288F7371F80C75F00C1E345 /* recogniseobject.xcdatamodeld */; };
		6288F73B1F80C75F00C1E345 /* Assets.xcassets in Resources */ = {isa = PBXBuildFile; fileRef = 6288F73A1F80C75F00C1E345 /* Assets.xcassets */; };
		6288F73E1F80C75F00C1E345 /* LaunchScreen.storyboard in Resources */ = {isa = PBXBuildFile; fileRef = 6288F73C1F80C75F00C1E345 /* LaunchScreen.storyboard */; };
		6288F7491F80C75F00C1E345 /* recogniseobjectTests.swift in Sources */ = {isa = PBXBuildFile; fileRef = 6288F7481F80C75F00C1E345 /* recogniseobjectTests.swift */; };
		6288F7541F80C75F00C1E345 /* recogniseobjectUITests.swift in Sources */ = {isa = PBXBuildFile; fileRef = 6288F7531F80C75F00C1E345 /* recogniseobjectUITests.swift */; };
/* End PBXBuildFile section */

/* Begin PBXContainerItemProxy section */
		6288F7451F80C75F00C1E345 /* PBXContainerItemProxy */ = {
			isa = PBXContainerItemProxy;
			containerPortal = 6288F7251F80C75E00C1E345 /* Project object */;
			proxyType = 1;
			remoteGlobalIDString = 6288F72C1F80C75E00C1E345;
			remoteInfo = recogniseobject;
		};
		6288F7501F80C75F00C1E345 /* PBXContainerItemProxy */ = {
			isa = PBXContainerItemProxy;
			containerPortal = 6288F7251F80C75E00C1E345 /* Project object */;
			proxyType = 1;
			remoteGlobalIDString = 6288F72C1F80C75E00C1E345;
			remoteInfo = recogniseobject;
		};
/* End PBXContainerItemProxy section */

/* Begin PBXFileReference section */
		6288F72D1F80C75E00C1E345 /* recogniseobject.app */ = {isa = PBXFileReference; explicitFileType = wrapper.application; includeInIndex = 0; path = recogniseobject.app; sourceTree = BUILT_PRODUCTS_DIR; };
		6288F7301F80C75F00C1E345 /* AppDelegate.swift */ = {isa = PBXFileReference; lastKnownFileType = sourcecode.swift; path = AppDelegate.swift; sourceTree = "<group>"; };
		6288F7321F80C75F00C1E345 /* ViewController.swift */ = {isa = PBXFileReference; lastKnownFileType = sourcecode.swift; path = ViewController.swift; sourceTree = "<group>"; };
		6288F7351F80C75F00C1E345 /* Base */ = {isa = PBXFileReference; lastKnownFileType = file.storyboard; name = Base; path = Base.lproj/Main.storyboard; sourceTree = "<group>"; };
		6288F7381F80C75F00C1E345 /* recogniseobject.xcdatamodel */ = {isa = PBXFileReference; lastKnownFileType = wrapper.xcdatamodel; path = recogniseobject.xcdatamodel; sourceTree = "<group>"; };
		6288F73A1F80C75F00C1E345 /* Assets.xcassets */ = {isa = PBXFileReference; lastKnownFileType = folder.assetcatalog; path = Assets.xcassets; sourceTree = "<group>"; };
		6288F73D1F80C75F00C1E345 /* Base */ = {isa = PBXFileReference; lastKnownFileType = file.storyboard; name = Base; path = Base.lproj/LaunchScreen.storyboard; sourceTree = "<group>"; };
		6288F73F1F80C75F00C1E345 /* Info.plist */ = {isa = PBXFileReference; lastKnownFileType = text.plist.xml; path = Info.plist; sourceTree = "<group>"; };
		6288F7441F80C75F00C1E345 /* recogniseobjectTests.xctest */ = {isa = PBXFileReference; explicitFileType = wrapper.cfbundle; includeInIndex = 0; path = recogniseobjectTests.xctest; sourceTree = BUILT_PRODUCTS_DIR; };
		6288F7481F80C75F00C1E345 /* recogniseobjectTests.swift */ = {isa = PBXFileReference; lastKnownFileType = sourcecode.swift; path = recogniseobjectTests.swift; sourceTree = "<group>"; };
		6288F74A1F80C75F00C1E345 /* Info.plist */ = {isa = PBXFileReference; lastKnownFileType = text.plist.xml; path = Info.plist; sourceTree = "<group>"; };
		6288F74F1F80C75F00C1E345 /* recogniseobjectUITests.xctest */ = {isa = PBXFileReference; explicitFileType = wrapper.cfbundle; includeInIndex = 0; path = recogniseobjectUITests.xctest; sourceTree = BUILT_PRODUCTS_DIR; };
		6288F7531F80C75F00C1E345 /* recogniseobjectUITests.swift */ = {isa = PBXFileReference; lastKnownFileType = sourcecode.swift; path = recogniseobjectUITests.swift; sourceTree = "<group>"; };
		6288F7551F80C75F00C1E345 /* Info.plist */ = {isa = PBXFileReference; lastKnownFileType = text.plist.xml; path = Info.plist; sourceTree = "<group>"; };
/* End PBXFileReference section */

/* Begin PBXFrameworksBuildPhase section */
		6288F72A1F80C75E00C1E345 /* Frameworks */ = {
			isa = PBXFrameworksBuildPhase;
			buildActionMask = 2147483647;
			files = (
			);
			runOnlyForDeploymentPostprocessing = 0;
		};
		6288F7411F80C75F00C1E345 /* Frameworks */ = {
			isa = PBXFrameworksBuildPhase;
			buildActionMask = 2147483647;
			files = (
			);
			runOnlyForDeploymentPostprocessing = 0;
		};
		6288F74C1F80C75F00C1E345 /* Frameworks */ = {
			isa = PBXFrameworksBuildPhase;
			buildActionMask = 2147483647;
			files = (
			);
			runOnlyForDeploymentPostprocessing = 0;
		};
/* End PBXFrameworksBuildPhase section */

/* Begin PBXGroup section */
		6288F7241F80C75E00C1E345 = {
			isa = PBXGroup;
			children = (
				6288F72F1F80C75E00C1E345 /* recogniseobject */,
				6288F7471F80C75F00C1E345 /* recogniseobjectTests */,
				6288F7521F80C75F00C1E345 /* recogniseobjectUITests */,
				6288F72E1F80C75E00C1E345 /* Products */,
			);
			sourceTree = "<group>";
		};
		6288F72E1F80C75E00C1E345 /* Products */ = {
			isa = PBXGroup;
			children = (
				6288F72D1F80C75E00C1E345 /* recogniseobject.app */,
				6288F7441F80C75F00C1E345 /* recogniseobjectTests.xctest */,
				6288F74F1F80C75F00C1E345 /* recogniseobjectUITests.xctest */,
			);
			name = Products;
			sourceTree = "<group>";
		};
		6288F72F1F80C75E00C1E345 /* recogniseobject */ = {
			isa = PBXGroup;
			children = (
				6288F7301F80C75F00C1E345 /* AppDelegate.swift */,
				6288F7321F80C75F00C1E345 /* ViewController.swift */,
				6288F7341F80C75F00C1E345 /* Main.storyboard */,
				6288F73A1F80C75F00C1E345 /* Assets.xcassets */,
				6288F73C1F80C75F00C1E345 /* LaunchScreen.storyboard */,
				6288F73F1F80C75F00C1E345 /* Info.plist */,
				6288F7371F80C75F00C1E345 /* recogniseobject.xcdatamodeld */,
			);
			path = recogniseobject;
			sourceTree = "<group>";
		};
		6288F7471F80C75F00C1E345 /* recogniseobjectTests */ = {
			isa = PBXGroup;
			children = (
				6288F7481F80C75F00C1E345 /* recogniseobjectTests.swift */,
				6288F74A1F80C75F00C1E345 /* Info.plist */,
			);
			path = recogniseobjectTests;
			sourceTree = "<group>";
		};
		6288F7521F80C75F00C1E345 /* recogniseobjectUITests */ = {
			isa = PBXGroup;
			children = (
				6288F7531F80C75F00C1E345 /* recogniseobjectUITests.swift */,
				6288F7551F80C75F00C1E345 /* Info.plist */,
			);
			path = recogniseobjectUITests;
			sourceTree = "<group>";
		};
/* End PBXGroup section */

/* Begin PBXNativeTarget section */
		6288F72C1F80C75E00C1E345 /* recogniseobject */ = {
			isa = PBXNativeTarget;
			buildConfigurationList = 6288F7581F80C75F00C1E345 /* Build configuration list for PBXNativeTarget "recogniseobject" */;
			buildPhases = (
				6288F7291F80C75E00C1E345 /* Sources */,
				6288F72A1F80C75E00C1E345 /* Frameworks */,
				6288F72B1F80C75E00C1E345 /* Resources */,
			);
			buildRules = (
			);
			dependencies = (
			);
			name = recogniseobject;
			productName = recogniseobject;
			productReference = 6288F72D1F80C75E00C1E345 /* recogniseobject.app */;
			productType = "com.apple.product-type.application";
		};
		6288F7431F80C75F00C1E345 /* recogniseobjectTests */ = {
			isa = PBXNativeTarget;
			buildConfigurationList = 6288F75B1F80C75F00C1E345 /* Build configuration list for PBXNativeTarget "recogniseobjectTests" */;
			buildPhases = (
				6288F7401F80C75F00C1E345 /* Sources */,
				6288F7411F80C75F00C1E345 /* Frameworks */,
				6288F7421F80C75F00C1E345 /* Resources */,
			);
			buildRules = (
			);
			dependencies = (
				6288F7461F80C75F00C1E345 /* PBXTargetDependency */,
			);
			name = recogniseobjectTests;
			productName = recogniseobjectTests;
			productReference = 6288F7441F80C75F00C1E345 /* recogniseobjectTests.xctest */;
			productType = "com.apple.product-type.bundle.unit-test";
		};
		6288F74E1F80C75F00C1E345 /* recogniseobjectUITests */ = {
			isa = PBXNativeTarget;
			buildConfigurationList = 6288F75E1F80C75F00C1E345 /* Build configuration list for PBXNativeTarget "recogniseobjectUITests" */;
			buildPhases = (
				6288F74B1F80C75F00C1E345 /* Sources */,
				6288F74C1F80C75F00C1E345 /* Frameworks */,
				6288F74D1F80C75F00C1E345 /* Resources */,
			);
			buildRules = (
			);
			dependencies = (
				6288F7511F80C75F00C1E345 /* PBXTargetDependency */,
			);
			name = recogniseobjectUITests;
			productName = recogniseobjectUITests;
			productReference = 6288F74F1F80C75F00C1E345 /* recogniseobjectUITests.xctest */;
			productType = "com.apple.product-type.bundle.ui-testing";
		};
/* End PBXNativeTarget section */

/* Begin PBXProject section */
		6288F7251F80C75E00C1E345 /* Project object */ = {
			isa = PBXProject;
			attributes = {
				LastSwiftUpdateCheck = 0900;
				LastUpgradeCheck = 0900;
				ORGANIZATIONNAME = "Chris Davey";
				TargetAttributes = {
					6288F72C1F80C75E00C1E345 = {
						CreatedOnToolsVersion = 9.0;
						ProvisioningStyle = Automatic;
					};
					6288F7431F80C75F00C1E345 = {
						CreatedOnToolsVersion = 9.0;
						ProvisioningStyle = Automatic;
						TestTargetID = 6288F72C1F80C75E00C1E345;
					};
					6288F74E1F80C75F00C1E345 = {
						CreatedOnToolsVersion = 9.0;
						ProvisioningStyle = Automatic;
						TestTargetID = 6288F72C1F80C75E00C1E345;
					};
				};
			};
			buildConfigurationList = 6288F7281F80C75E00C1E345 /* Build configuration list for PBXProject "recogniseobject" */;
			compatibilityVersion = "Xcode 8.0";
			developmentRegion = en;
			hasScannedForEncodings = 0;
			knownRegions = (
				en,
				Base,
			);
			mainGroup = 6288F7241F80C75E00C1E345;
			productRefGroup = 6288F72E1F80C75E00C1E345 /* Products */;
			projectDirPath = "";
			projectRoot = "";
			targets = (
				6288F72C1F80C75E00C1E345 /* recogniseobject */,
				6288F7431F80C75F00C1E345 /* recogniseobjectTests */,
				6288F74E1F80C75F00C1E345 /* recogniseobjectUITests */,
			);
		};
/* End PBXProject section */

/* Begin PBXResourcesBuildPhase section */
		6288F72B1F80C75E00C1E345 /* Resources */ = {
			isa = PBXResourcesBuildPhase;
			buildActionMask = 2147483647;
			files = (
				6288F73E1F80C75F00C1E345 /* LaunchScreen.storyboard in Resources */,
				6288F73B1F80C75F00C1E345 /* Assets.xcassets in Resources */,
				6288F7361F80C75F00C1E345 /* Main.storyboard in Resources */,
			);
			runOnlyForDeploymentPostprocessing = 0;
		};
		6288F7421F80C75F00C1E345 /* Resources */ = {
			isa = PBXResourcesBuildPhase;
			buildActionMask = 2147483647;
			files = (
			);
			runOnlyForDeploymentPostprocessing = 0;
		};
		6288F74D1F80C75F00C1E345 /* Resources */ = {
			isa = PBXResourcesBuildPhase;
			buildActionMask = 2147483647;
			files = (
			);
			runOnlyForDeploymentPostprocessing = 0;
		};
/* End PBXResourcesBuildPhase section */

/* Begin PBXSourcesBuildPhase section */
		6288F7291F80C75E00C1E345 /* Sources */ = {
			isa = PBXSourcesBuildPhase;
			buildActionMask = 2147483647;
			files = (
				6288F7331F80C75F00C1E345 /* ViewController.swift in Sources */,
				6288F7311F80C75F00C1E345 /* AppDelegate.swift in Sources */,
				6288F7391F80C75F00C1E345 /* recogniseobject.xcdatamodeld in Sources */,
			);
			runOnlyForDeploymentPostprocessing = 0;
		};
		6288F7401F80C75F00C1E345 /* Sources */ = {
			isa = PBXSourcesBuildPhase;
			buildActionMask = 2147483647;
			files = (
				6288F7491F80C75F00C1E345 /* recogniseobjectTests.swift in Sources */,
			);
			runOnlyForDeploymentPostprocessing = 0;
		};
		6288F74B1F80C75F00C1E345 /* Sources */ = {
			isa = PBXSourcesBuildPhase;
			buildActionMask = 2147483647;
			files = (
				6288F7541F80C75F00C1E345 /* recogniseobjectUITests.swift in Sources */,
			);
			runOnlyForDeploymentPostprocessing = 0;
		};
/* End PBXSourcesBuildPhase section */

/* Begin PBXTargetDependency section */
		6288F7461F80C75F00C1E345 /* PBXTargetDependency */ = {
			isa = PBXTargetDependency;
			target = 6288F72C1F80C75E00C1E345 /* recogniseobject */;
			targetProxy = 6288F7451F80C75F00C1E345 /* PBXContainerItemProxy */;
		};
		6288F7511F80C75F00C1E345 /* PBXTargetDependency */ = {
			isa = PBXTargetDependency;
			target = 6288F72C1F80C75E00C1E345 /* recogniseobject */;
			targetProxy = 6288F7501F80C75F00C1E345 /* PBXContainerItemProxy */;
		};
/* End PBXTargetDependency section */

/* Begin PBXVariantGroup section */
		6288F7341F80C75F00C1E345 /* Main.storyboard */ = {
			isa = PBXVariantGroup;
			children = (
				6288F7351F80C75F00C1E345 /* Base */,
			);
			name = Main.storyboard;
			sourceTree = "<group>";
		};
		6288F73C1F80C75F00C1E345 /* LaunchScreen.storyboard */ = {
			isa = PBXVariantGroup;
			children = (
				6288F73D1F80C75F00C1E345 /* Base */,
			);
			name = LaunchScreen.storyboard;
			sourceTree = "<group>";
		};
/* End PBXVariantGroup section */

/* Begin XCBuildConfiguration section */
		6288F7561F80C75F00C1E345 /* Debug */ = {
			isa = XCBuildConfiguration;
			buildSettings = {
				ALWAYS_SEARCH_USER_PATHS = NO;
				CLANG_ANALYZER_NONNULL = YES;
				CLANG_ANALYZER_NUMBER_OBJECT_CONVERSION = YES_AGGRESSIVE;
				CLANG_CXX_LANGUAGE_STANDARD = "gnu++14";
				CLANG_CXX_LIBRARY = "libc++";
				CLANG_ENABLE_MODULES = YES;
				CLANG_ENABLE_OBJC_ARC = YES;
				CLANG_WARN_BLOCK_CAPTURE_AUTORELEASING = YES;
				CLANG_WARN_BOOL_CONVERSION = YES;
				CLANG_WARN_COMMA = YES;
				CLANG_WARN_CONSTANT_CONVERSION = YES;
				CLANG_WARN_DIRECT_OBJC_ISA_USAGE = YES_ERROR;
				CLANG_WARN_DOCUMENTATION_COMMENTS = YES;
				CLANG_WARN_EMPTY_BODY = YES;
				CLANG_WARN_ENUM_CONVERSION = YES;
				CLANG_WARN_INFINITE_RECURSION = YES;
				CLANG_WARN_INT_CONVERSION = YES;
				CLANG_WARN_NON_LITERAL_NULL_CONVERSION = YES;
				CLANG_WARN_OBJC_LITERAL_CONVERSION = YES;
				CLANG_WARN_OBJC_ROOT_CLASS = YES_ERROR;
				CLANG_WARN_RANGE_LOOP_ANALYSIS = YES;
				CLANG_WARN_STRICT_PROTOTYPES = YES;
				CLANG_WARN_SUSPICIOUS_MOVE = YES;
				CLANG_WARN_UNGUARDED_AVAILABILITY = YES_AGGRESSIVE;
				CLANG_WARN_UNREACHABLE_CODE = YES;
				CLANG_WARN__DUPLICATE_METHOD_MATCH = YES;
				CODE_SIGN_IDENTITY = "iPhone Developer";
				COPY_PHASE_STRIP = NO;
				DEBUG_INFORMATION_FORMAT = dwarf;
				ENABLE_STRICT_OBJC_MSGSEND = YES;
				ENABLE_TESTABILITY = YES;
				GCC_C_LANGUAGE_STANDARD = gnu11;
				GCC_DYNAMIC_NO_PIC = NO;
				GCC_NO_COMMON_BLOCKS = YES;
				GCC_OPTIMIZATION_LEVEL = 0;
				GCC_PREPROCESSOR_DEFINITIONS = (
					"DEBUG=1",
					"$(inherited)",
				);
				GCC_WARN_64_TO_32_BIT_CONVERSION = YES;
				GCC_WARN_ABOUT_RETURN_TYPE = YES_ERROR;
				GCC_WARN_UNDECLARED_SELECTOR = YES;
				GCC_WARN_UNINITIALIZED_AUTOS = YES_AGGRESSIVE;
				GCC_WARN_UNUSED_FUNCTION = YES;
				GCC_WARN_UNUSED_VARIABLE = YES;
				IPHONEOS_DEPLOYMENT_TARGET = 11.0;
				MTL_ENABLE_DEBUG_INFO = YES;
				ONLY_ACTIVE_ARCH = YES;
				SDKROOT = iphoneos;
				SWIFT_ACTIVE_COMPILATION_CONDITIONS = DEBUG;
				SWIFT_OPTIMIZATION_LEVEL = "-Onone";
			};
			name = Debug;
		};
		6288F7571F80C75F00C1E345 /* Release */ = {
			isa = XCBuildConfiguration;
			buildSettings = {
				ALWAYS_SEARCH_USER_PATHS = NO;
				CLANG_ANALYZER_NONNULL = YES;
				CLANG_ANALYZER_NUMBER_OBJECT_CONVERSION = YES_AGGRESSIVE;
				CLANG_CXX_LANGUAGE_STANDARD = "gnu++14";
				CLANG_CXX_LIBRARY = "libc++";
				CLANG_ENABLE_MODULES = YES;
				CLANG_ENABLE_OBJC_ARC = YES;
				CLANG_WARN_BLOCK_CAPTURE_AUTORELEASING = YES;
				CLANG_WARN_BOOL_CONVERSION = YES;
				CLANG_WARN_COMMA = YES;
				CLANG_WARN_CONSTANT_CONVERSION = YES;
				CLANG_WARN_DIRECT_OBJC_ISA_USAGE = YES_ERROR;
				CLANG_WARN_DOCUMENTATION_COMMENTS = YES;
				CLANG_WARN_EMPTY_BODY = YES;
				CLANG_WARN_ENUM_CONVERSION = YES;
				CLANG_WARN_INFINITE_RECURSION = YES;
				CLANG_WARN_INT_CONVERSION = YES;
				CLANG_WARN_NON_LITERAL_NULL_CONVERSION = YES;
				CLANG_WARN_OBJC_LITERAL_CONVERSION = YES;
				CLANG_WARN_OBJC_ROOT_CLASS = YES_ERROR;
				CLANG_WARN_RANGE_LOOP_ANALYSIS = YES;
				CLANG_WARN_STRICT_PROTOTYPES = YES;
				CLANG_WARN_SUSPICIOUS_MOVE = YES;
				CLANG_WARN_UNGUARDED_AVAILABILITY = YES_AGGRESSIVE;
				CLANG_WARN_UNREACHABLE_CODE = YES;
				CLANG_WARN__DUPLICATE_METHOD_MATCH = YES;
				CODE_SIGN_IDENTITY = "iPhone Developer";
				COPY_PHASE_STRIP = NO;
				DEBUG_INFORMATION_FORMAT = "dwarf-with-dsym";
				ENABLE_NS_ASSERTIONS = NO;
				ENABLE_STRICT_OBJC_MSGSEND = YES;
				GCC_C_LANGUAGE_STANDARD = gnu11;
				GCC_NO_COMMON_BLOCKS = YES;
				GCC_WARN_64_TO_32_BIT_CONVERSION = YES;
				GCC_WARN_ABOUT_RETURN_TYPE = YES_ERROR;
				GCC_WARN_UNDECLARED_SELECTOR = YES;
				GCC_WARN_UNINITIALIZED_AUTOS = YES_AGGRESSIVE;
				GCC_WARN_UNUSED_FUNCTION = YES;
				GCC_WARN_UNUSED_VARIABLE = YES;
				IPHONEOS_DEPLOYMENT_TARGET = 11.0;
				MTL_ENABLE_DEBUG_INFO = NO;
				SDKROOT = iphoneos;
				SWIFT_OPTIMIZATION_LEVEL = "-Owholemodule";
				VALIDATE_PRODUCT = YES;
			};
			name = Release;
		};
		6288F7591F80C75F00C1E345 /* Debug */ = {
			isa = XCBuildConfiguration;
			buildSettings = {
				ASSETCATALOG_COMPILER_APPICON_NAME = AppIcon;
				CODE_SIGN_STYLE = Automatic;
				DEVELOPMENT_TEAM = JZEFYE7S9D;
				INFOPLIST_FILE = recogniseobject/Info.plist;
				LD_RUNPATH_SEARCH_PATHS = "$(inherited) @executable_path/Frameworks";
				PRODUCT_BUNDLE_IDENTIFIER = au.id.cxd.recogniseobject;
				PRODUCT_NAME = "$(TARGET_NAME)";
				SWIFT_VERSION = 4.0;
				TARGETED_DEVICE_FAMILY = "1,2";
			};
			name = Debug;
		};
		6288F75A1F80C75F00C1E345 /* Release */ = {
			isa = XCBuildConfiguration;
			buildSettings = {
				ASSETCATALOG_COMPILER_APPICON_NAME = AppIcon;
				CODE_SIGN_STYLE = Automatic;
				DEVELOPMENT_TEAM = JZEFYE7S9D;
				INFOPLIST_FILE = recogniseobject/Info.plist;
				LD_RUNPATH_SEARCH_PATHS = "$(inherited) @executable_path/Frameworks";
				PRODUCT_BUNDLE_IDENTIFIER = au.id.cxd.recogniseobject;
				PRODUCT_NAME = "$(TARGET_NAME)";
				SWIFT_VERSION = 4.0;
				TARGETED_DEVICE_FAMILY = "1,2";
			};
			name = Release;
		};
		6288F75C1F80C75F00C1E345 /* Debug */ = {
			isa = XCBuildConfiguration;
			buildSettings = {
				ALWAYS_EMBED_SWIFT_STANDARD_LIBRARIES = YES;
				BUNDLE_LOADER = "$(TEST_HOST)";
				CODE_SIGN_STYLE = Automatic;
				DEVELOPMENT_TEAM = JZEFYE7S9D;
				INFOPLIST_FILE = recogniseobjectTests/Info.plist;
				LD_RUNPATH_SEARCH_PATHS = "$(inherited) @executable_path/Frameworks @loader_path/Frameworks";
				PRODUCT_BUNDLE_IDENTIFIER = au.id.cxd.recogniseobjectTests;
				PRODUCT_NAME = "$(TARGET_NAME)";
				SWIFT_VERSION = 4.0;
				TARGETED_DEVICE_FAMILY = "1,2";
				TEST_HOST = "$(BUILT_PRODUCTS_DIR)/recogniseobject.app/recogniseobject";
			};
			name = Debug;
		};
		6288F75D1F80C75F00C1E345 /* Release */ = {
			isa = XCBuildConfiguration;
			buildSettings = {
				ALWAYS_EMBED_SWIFT_STANDARD_LIBRARIES = YES;
				BUNDLE_LOADER = "$(TEST_HOST)";
				CODE_SIGN_STYLE = Automatic;
				DEVELOPMENT_TEAM = JZEFYE7S9D;
				INFOPLIST_FILE = recogniseobjectTests/Info.plist;
				LD_RUNPATH_SEARCH_PATHS = "$(inherited) @executable_path/Frameworks @loader_path/Frameworks";
				PRODUCT_BUNDLE_IDENTIFIER = au.id.cxd.recogniseobjectTests;
				PRODUCT_NAME = "$(TARGET_NAME)";
				SWIFT_VERSION = 4.0;
				TARGETED_DEVICE_FAMILY = "1,2";
				TEST_HOST = "$(BUILT_PRODUCTS_DIR)/recogniseobject.app/recogniseobject";
			};
			name = Release;
		};
		6288F75F1F80C75F00C1E345 /* Debug */ = {
			isa = XCBuildConfiguration;
			buildSettings = {
				ALWAYS_EMBED_SWIFT_STANDARD_LIBRARIES = YES;
				CODE_SIGN_STYLE = Automatic;
				DEVELOPMENT_TEAM = JZEFYE7S9D;
				INFOPLIST_FILE = recogniseobjectUITests/Info.plist;
				LD_RUNPATH_SEARCH_PATHS = "$(inherited) @executable_path/Frameworks @loader_path/Frameworks";
				PRODUCT_BUNDLE_IDENTIFIER = au.id.cxd.recogniseobjectUITests;
				PRODUCT_NAME = "$(TARGET_NAME)";
				SWIFT_VERSION = 4.0;
				TARGETED_DEVICE_FAMILY = "1,2";
				TEST_TARGET_NAME = recogniseobject;
			};
			name = Debug;
		};
		6288F7601F80C75F00C1E345 /* Release */ = {
			isa = XCBuildConfiguration;
			buildSettings = {
				ALWAYS_EMBED_SWIFT_STANDARD_LIBRARIES = YES;
				CODE_SIGN_STYLE = Automatic;
				DEVELOPMENT_TEAM = JZEFYE7S9D;
				INFOPLIST_FILE = recogniseobjectUITests/Info.plist;
				LD_RUNPATH_SEARCH_PATHS = "$(inherited) @executable_path/Frameworks @loader_path/Frameworks";
				PRODUCT_BUNDLE_IDENTIFIER = au.id.cxd.recogniseobjectUITests;
				PRODUCT_NAME = "$(TARGET_NAME)";
				SWIFT_VERSION = 4.0;
				TARGETED_DEVICE_FAMILY = "1,2";
				TEST_TARGET_NAME = recogniseobject;
			};
			name = Release;
		};
/* End XCBuildConfiguration section */

/* Begin XCConfigurationList section */
		6288F7281F80C75E00C1E345 /* Build configuration list for PBXProject "recogniseobject" */ = {
			isa = XCConfigurationList;
			buildConfigurations = (
				6288F7561F80C75F00C1E345 /* Debug */,
				6288F7571F80C75F00C1E345 /* Release */,
			);
			defaultConfigurationIsVisible = 0;
			defaultConfigurationName = Release;
		};
		6288F7581F80C75F00C1E345 /* Build configuration list for PBXNativeTarget "recogniseobject" */ = {
			isa = XCConfigurationList;
			buildConfigurations = (
				6288F7591F80C75F00C1E345 /* Debug */,
				6288F75A1F80C75F00C1E345 /* Release */,
			);
			defaultConfigurationIsVisible = 0;
			defaultConfigurationName = Release;
		};
		6288F75B1F80C75F00C1E345 /* Build configuration list for PBXNativeTarget "recogniseobjectTests" */ = {
			isa = XCConfigurationList;
			buildConfigurations = (
				6288F75C1F80C75F00C1E345 /* Debug */,
				6288F75D1F80C75F00C1E345 /* Release */,
			);
			defaultConfigurationIsVisible = 0;
			defaultConfigurationName = Release;
		};
		6288F75E1F80C75F00C1E345 /* Build configuration list for PBXNativeTarget "recogniseobjectUITests" */ = {
			isa = XCConfigurationList;
			buildConfigurations = (
				6288F75F1F80C75F00C1E345 /* Debug */,
				6288F7601F80C75F00C1E345 /* Release */,
			);
			defaultConfigurationIsVisible = 0;
			defaultConfigurationName = Release;
		};
/* End XCConfigurationList section */

/* Begin XCVersionGroup section */
		6288F7371F80C75F00C1E345 /* recogniseobject.xcdatamodeld */ = {
			isa = XCVersionGroup;
			children = (
				6288F7381F80C75F00C1E345 /* recogniseobject.xcdatamodel */,
			);
			currentVersion = 6288F7381F80C75F00C1E345 /* recogniseobject.xcdatamodel */;
			path = recogniseobject.xcdatamodeld;
			sourceTree = "<group>";
			versionGroupType = wrapper.xcdatamodel;
		};
/* End XCVersionGroup section */
	};
	rootObject = 6288F7251F80C75E00C1E345 /* Project object */;
}
